
Microsoft Visual Studio Solution File, Format Version 12.00
# Visual Studio Version 16
VisualStudioVersion = 16.0.30717.126
MinimumVisualStudioVersion = 10.0.40219.1
Project("{FAE04EC0-301F-11D3-BF4B-00C04F79EFBC}") = "DEMO", "DEMO\DEMO.csproj", "{DB0B143A-A319-4422-AEDB-6A54FD993795}"
EndProject
Global
	GlobalSection(SolutionConfigurationPlatforms) = preSolution
		Debug|Any CPU = Debug|Any CPU
		Release|Any CPU = Release|Any CPU
	EndGlobalSection
	GlobalSection(ProjectConfigurationPlatforms) = postSolution
		{DB0B143A-A319-4422-AEDB-6A54FD993795}.Debug|Any CPU.ActiveCfg = Debug|Any CPU
		{DB0B143A-A319-4422-AEDB-6A54FD993795}.Debug|Any CPU.Build.0 = Debug|Any CPU
		{DB0B143A-A319-4422-AEDB-6A54FD993795}.Release|Any CPU.ActiveCfg = Release|Any CPU
		{DB0B143A-A319-4422-AEDB-6A54FD993795}.Release|Any CPU.Build.0 = Release|Any CPU
	EndGlobalSection
	GlobalSection(SolutionProperties) = preSolution
		HideSolutionNode = FALSE
	EndGlobalSection
	GlobalSection(ExtensibilityGlobals) = postSolution
		SolutionGuid = {3277657A-D95A-4C34-9289-92B126B8002B}
	EndGlobalSection
EndGlobal
